
Microsoft Visual Studio Solution File, Format Version 12.00
# Visual Studio 14
VisualStudioVersion = 14.0.24720.0
MinimumVisualStudioVersion = 10.0.40219.1
Project("{FAE04EC0-301F-11D3-BF4B-00C04F79EFBC}") = "Tentickers", "Tentickers\Tentickers.csproj", "{38E739B2-7EE8-4544-AF5A-D141DB0FBE9F}"
EndProject
Project("{FAE04EC0-301F-11D3-BF4B-00C04F79EFBC}") = "Tentickers.Tests", "Tentickers.Tests\Tentickers.Tests.csproj", "{5BBC5DE9-D06F-4115-8214-E52BA784E9D2}"
EndProject
Global
	GlobalSection(SolutionConfigurationPlatforms) = preSolution
		Debug|Any CPU = Debug|Any CPU
		Release|Any CPU = Release|Any CPU
	EndGlobalSection
	GlobalSection(ProjectConfigurationPlatforms) = postSolution
		{38E739B2-7EE8-4544-AF5A-D141DB0FBE9F}.Debug|Any CPU.ActiveCfg = Debug|Any CPU
		{38E739B2-7EE8-4544-AF5A-D141DB0FBE9F}.Debug|Any CPU.Build.0 = Debug|Any CPU
		{38E739B2-7EE8-4544-AF5A-D141DB0FBE9F}.Release|Any CPU.ActiveCfg = Release|Any CPU
		{38E739B2-7EE8-4544-AF5A-D141DB0FBE9F}.Release|Any CPU.Build.0 = Release|Any CPU
		{5BBC5DE9-D06F-4115-8214-E52BA784E9D2}.Debug|Any CPU.ActiveCfg = Debug|Any CPU
		{5BBC5DE9-D06F-4115-8214-E52BA784E9D2}.Debug|Any CPU.Build.0 = Debug|Any CPU
		{5BBC5DE9-D06F-4115-8214-E52BA784E9D2}.Release|Any CPU.ActiveCfg = Release|Any CPU
		{5BBC5DE9-D06F-4115-8214-E52BA784E9D2}.Release|Any CPU.Build.0 = Release|Any CPU
	EndGlobalSection
	GlobalSection(SolutionProperties) = preSolution
		HideSolutionNode = FALSE
	EndGlobalSection
EndGlobal
